github.com/google/shlex v0.0.0-20191202100458-e7afc7fbc510 h1:El6M4kTTCOh6aBiKaUGG7oYTSPP8MxqL4YI3kZKwcP4=
github.com/google/shlex v0.0.0-20191202100458-e7afc7fbc510/go.mod h1:pupxD2MaaD3pAXIBCelhxNneeOaAeabZDe5s4K6zSpQ=
github.com/soypat/lneto v0.0.0-20260411230216-9e4da57335e7 h1:eAHkhUeXPf7vCrsOAINeDt3lUUjZA0dJyd9jCxRSUlU=
github.com/soypat/lneto v0.0.0-20260411230216-9e4da57335e7/go.mod h1:g/8Lk+hIsMZydyWDJjK2YfsCuG6jA5mWCO6U+4S7w1U=
tinygo.org/x/drivers v0.34.1-0.20260411162947-0034fc511a33 h1:SRKs2eKoMHFSaZPz5pMAUfDLjg1IgdK5r9KbvUjfJyQ=
tinygo.org/x/drivers v0.34.1-0.20260411162947-0034fc511a33/go.mod h1:DQgKyHkB4G6IEOKVTAjApbKnWGwESN91EVJO+nMOE9Y=
tinygo.org/x/espradio v0.0.0-20260412111926-2abca745b081 h1:6ZFxpDTTZPbjXhUwyloy88bvkk0kRISDd7B7cXuNcgY=
tinygo.org/x/espradio v0.0.0-20260412111926-2abca745b081/go.mod h1:zZYAU+jNUnFOrVvjG59HVwIydkYij8qszXkh0KdHlRQ=
tinygo.org/x/tinyfont v0.6.1-0.20251217145517-ae17b9da4e35 h1:ogx2hHTcKG1ji7qORjFTR6FnquEodaepzFGy63Msztc=
tinygo.org/x/tinyfont v0.6.1-0.20251217145517-ae17b9da4e35/go.mod h1:onflMSkpWl7r7j4MIqhPEVV39pn7yL4N3MOePl3G+G8=
tinygo.org/x/tinyterm v0.5.1-0.20251217145537-843dd048351b h1:2YPgBE3ny1oOeSAPhQDfznvqhQO5e/WljkBVnRkNVkw=
tinygo.org/x/tinyterm v0.5.1-0.20251217145537-843dd048351b/go.mod h1:mTNhIZ3bNXjLmtyTreqh0tUJNdTTXyPZ7i0z8vpZgaI=
