github.com/google/shlex v0.0.0-20191202100458-e7afc7fbc510 h1:El6M4kTTCOh6aBiKaUGG7oYTSPP8MxqL4YI3kZKwcP4=
github.com/google/shlex v0.0.0-20191202100458-e7afc7fbc510/go.mod h1:pupxD2MaaD3pAXIBCelhxNneeOaAeabZDe5s4K6zSpQ=
tinygo.org/x/drivers v0.34.1-0.20260411162947-0034fc511a33 h1:SRKs2eKoMHFSaZPz5pMAUfDLjg1IgdK5r9KbvUjfJyQ=
tinygo.org/x/drivers v0.34.1-0.20260411162947-0034fc511a33/go.mod h1:DQgKyHkB4G6IEOKVTAjApbKnWGwESN91EVJO+nMOE9Y=
